
Microsoft Visual Studio Solution File, Format Version 12.00
# Visual Studio Version 17
VisualStudioVersion = 17.3.32825.248
MinimumVisualStudioVersion = 10.0.40219.1
Project("{FAE04EC0-301F-11D3-BF4B-00C04F79EFBC}") = "JWTApi", "JWTApi\JWTApi.csproj", "{E4F6B5F8-938A-4162-9D22-BB59F745C9D0}"
EndProject
Project("{FAE04EC0-301F-11D3-BF4B-00C04F79EFBC}") = "Models", "Models\Models.csproj", "{85FF5F9D-A463-431B-805A-4B1702CEC83C}"
EndProject
Project("{FAE04EC0-301F-11D3-BF4B-00C04F79EFBC}") = "DTOs", "DTOs\DTOs.csproj", "{495EC69F-20D5-4647-BDAE-F3FDFA1E692B}"
EndProject
Global
	GlobalSection(SolutionConfigurationPlatforms) = preSolution
		Debug|Any CPU = Debug|Any CPU
		Release|Any CPU = Release|Any CPU
	EndGlobalSection
	GlobalSection(ProjectConfigurationPlatforms) = postSolution
		{E4F6B5F8-938A-4162-9D22-BB59F745C9D0}.Debug|Any CPU.ActiveCfg = Debug|Any CPU
		{E4F6B5F8-938A-4162-9D22-BB59F745C9D0}.Debug|Any CPU.Build.0 = Debug|Any CPU
		{E4F6B5F8-938A-4162-9D22-BB59F745C9D0}.Release|Any CPU.ActiveCfg = Release|Any CPU
		{E4F6B5F8-938A-4162-9D22-BB59F745C9D0}.Release|Any CPU.Build.0 = Release|Any CPU
		{85FF5F9D-A463-431B-805A-4B1702CEC83C}.Debug|Any CPU.ActiveCfg = Debug|Any CPU
		{85FF5F9D-A463-431B-805A-4B1702CEC83C}.Debug|Any CPU.Build.0 = Debug|Any CPU
		{85FF5F9D-A463-431B-805A-4B1702CEC83C}.Release|Any CPU.ActiveCfg = Release|Any CPU
		{85FF5F9D-A463-431B-805A-4B1702CEC83C}.Release|Any CPU.Build.0 = Release|Any CPU
		{495EC69F-20D5-4647-BDAE-F3FDFA1E692B}.Debug|Any CPU.ActiveCfg = Debug|Any CPU
		{495EC69F-20D5-4647-BDAE-F3FDFA1E692B}.Debug|Any CPU.Build.0 = Debug|Any CPU
		{495EC69F-20D5-4647-BDAE-F3FDFA1E692B}.Release|Any CPU.ActiveCfg = Release|Any CPU
		{495EC69F-20D5-4647-BDAE-F3FDFA1E692B}.Release|Any CPU.Build.0 = Release|Any CPU
	EndGlobalSection
	GlobalSection(SolutionProperties) = preSolution
		HideSolutionNode = FALSE
	EndGlobalSection
	GlobalSection(ExtensibilityGlobals) = postSolution
		SolutionGuid = {5901A55A-9EC5-4046-97D4-4B8ADB13700D}
	EndGlobalSection
EndGlobal
